
Microsoft Visual Studio Solution File, Format Version 12.00
# Visual Studio Version 16
VisualStudioVersion = 16.0.28315.86
MinimumVisualStudioVersion = 10.0.40219.1
Project("{2150E333-8FDC-42A3-9474-1A3956D46DE8}") = "Engine", "Engine", "{52753C88-9BB9-41BB-A671-6B2C64B899BB}"
EndProject
Project("{2150E333-8FDC-42A3-9474-1A3956D46DE8}") = "Enterprise", "Enterprise", "{CEE1C591-7B5F-45AD-A3B8-1DC5D5046902}"
EndProject
Project("{2150E333-8FDC-42A3-9474-1A3956D46DE8}") = "Games", "Games", "{637EC744-513E-4F86-8186-E1BCC0425D14}"
EndProject
Project("{8BC9CEB8-8B4A-11D0-8D11-00A0C91BC942}") = "UE4", "Intermediate\ProjectFiles\UE4.vcxproj", "{6B1906DD-DC23-425F-B488-1430D8CA4DF8}"
EndProject
Project("{8BC9CEB8-8B4A-11D0-8D11-00A0C91BC942}") = "Studio", "Intermediate\ProjectFiles\Studio.vcxproj", "{B055AA77-FAD1-4995-8018-9D72A9EB9CA5}"
EndProject
Project("{8BC9CEB8-8B4A-11D0-8D11-00A0C91BC942}") = "UE4CPPLearn", "Intermediate\ProjectFiles\UE4CPPLearn.vcxproj", "{3FA5E1B8-1DF4-4DE0-9F19-A2E0F2546697}"
EndProject
Project("{2150E333-8FDC-42A3-9474-1A3956D46DE8}") = "Visualizers", "Visualizers", "{48506890-C182-4A4F-B8FE-E6A2D64244F6}"
	ProjectSection(SolutionItems) = preProject
		C:\Program Files\Epic Games\UE_4.23\Engine\Extras\VisualStudioDebugging\UE4.natvis = C:\Program Files\Epic Games\UE_4.23\Engine\Extras\VisualStudioDebugging\UE4.natvis
	EndProjectSection
EndProject
Global
	GlobalSection(SolutionConfigurationPlatforms) = preSolution
		DebugGame Editor|HTML5 = DebugGame Editor|HTML5
		DebugGame Editor|Win32 = DebugGame Editor|Win32
		DebugGame Editor|Win64 = DebugGame Editor|Win64
		DebugGame|HTML5 = DebugGame|HTML5
		DebugGame|Win32 = DebugGame|Win32
		DebugGame|Win64 = DebugGame|Win64
		Development Editor|HTML5 = Development Editor|HTML5
		Development Editor|Win32 = Development Editor|Win32
		Development Editor|Win64 = Development Editor|Win64
		Development|HTML5 = Development|HTML5
		Development|Win32 = Development|Win32
		Development|Win64 = Development|Win64
		Shipping|HTML5 = Shipping|HTML5
		Shipping|Win32 = Shipping|Win32
		Shipping|Win64 = Shipping|Win64
	EndGlobalSection
	GlobalSection(ProjectConfigurationPlatforms) = postSolution
		{6B1906DD-DC23-425F-B488-1430D8CA4DF8}.DebugGame Editor|HTML5.ActiveCfg = BuiltWithUnrealBuildTool|Win32
		{6B1906DD-DC23-425F-B488-1430D8CA4DF8}.DebugGame Editor|Win32.ActiveCfg = BuiltWithUnrealBuildTool|Win32
		{6B1906DD-DC23-425F-B488-1430D8CA4DF8}.DebugGame Editor|Win64.ActiveCfg = BuiltWithUnrealBuildTool|Win32
		{6B1906DD-DC23-425F-B488-1430D8CA4DF8}.DebugGame|HTML5.ActiveCfg = BuiltWithUnrealBuildTool|Win32
		{6B1906DD-DC23-425F-B488-1430D8CA4DF8}.DebugGame|Win32.ActiveCfg = BuiltWithUnrealBuildTool|Win32
		{6B1906DD-DC23-425F-B488-1430D8CA4DF8}.DebugGame|Win64.ActiveCfg = BuiltWithUnrealBuildTool|Win32
		{6B1906DD-DC23-425F-B488-1430D8CA4DF8}.Development Editor|HTML5.ActiveCfg = BuiltWithUnrealBuildTool|Win32
		{6B1906DD-DC23-425F-B488-1430D8CA4DF8}.Development Editor|Win32.ActiveCfg = BuiltWithUnrealBuildTool|Win32
		{6B1906DD-DC23-425F-B488-1430D8CA4DF8}.Development Editor|Win64.ActiveCfg = BuiltWithUnrealBuildTool|Win32
		{6B1906DD-DC23-425F-B488-1430D8CA4DF8}.Development|HTML5.ActiveCfg = BuiltWithUnrealBuildTool|Win32
		{6B1906DD-DC23-425F-B488-1430D8CA4DF8}.Development|Win32.ActiveCfg = BuiltWithUnrealBuildTool|Win32
		{6B1906DD-DC23-425F-B488-1430D8CA4DF8}.Development|Win64.ActiveCfg = BuiltWithUnrealBuildTool|Win32
		{6B1906DD-DC23-425F-B488-1430D8CA4DF8}.Shipping|HTML5.ActiveCfg = BuiltWithUnrealBuildTool|Win32
		{6B1906DD-DC23-425F-B488-1430D8CA4DF8}.Shipping|Win32.ActiveCfg = BuiltWithUnrealBuildTool|Win32
		{6B1906DD-DC23-425F-B488-1430D8CA4DF8}.Shipping|Win64.ActiveCfg = BuiltWithUnrealBuildTool|Win32
		{B055AA77-FAD1-4995-8018-9D72A9EB9CA5}.DebugGame Editor|HTML5.ActiveCfg = BuiltWithUnrealBuildTool|Win32
		{B055AA77-FAD1-4995-8018-9D72A9EB9CA5}.DebugGame Editor|Win32.ActiveCfg = BuiltWithUnrealBuildTool|Win32
		{B055AA77-FAD1-4995-8018-9D72A9EB9CA5}.DebugGame Editor|Win64.ActiveCfg = BuiltWithUnrealBuildTool|Win32
		{B055AA77-FAD1-4995-8018-9D72A9EB9CA5}.DebugGame|HTML5.ActiveCfg = BuiltWithUnrealBuildTool|Win32
		{B055AA77-FAD1-4995-8018-9D72A9EB9CA5}.DebugGame|Win32.ActiveCfg = BuiltWithUnrealBuildTool|Win32
		{B055AA77-FAD1-4995-8018-9D72A9EB9CA5}.DebugGame|Win64.ActiveCfg = BuiltWithUnrealBuildTool|Win32
		{B055AA77-FAD1-4995-8018-9D72A9EB9CA5}.Development Editor|HTML5.ActiveCfg = BuiltWithUnrealBuildTool|Win32
		{B055AA77-FAD1-4995-8018-9D72A9EB9CA5}.Development Editor|Win32.ActiveCfg = BuiltWithUnrealBuildTool|Win32
		{B055AA77-FAD1-4995-8018-9D72A9EB9CA5}.Development Editor|Win64.ActiveCfg = BuiltWithUnrealBuildTool|Win32
		{B055AA77-FAD1-4995-8018-9D72A9EB9CA5}.Development|HTML5.ActiveCfg = BuiltWithUnrealBuildTool|Win32
		{B055AA77-FAD1-4995-8018-9D72A9EB9CA5}.Development|Win32.ActiveCfg = BuiltWithUnrealBuildTool|Win32
		{B055AA77-FAD1-4995-8018-9D72A9EB9CA5}.Development|Win64.ActiveCfg = BuiltWithUnrealBuildTool|Win32
		{B055AA77-FAD1-4995-8018-9D72A9EB9CA5}.Shipping|HTML5.ActiveCfg = BuiltWithUnrealBuildTool|Win32
		{B055AA77-FAD1-4995-8018-9D72A9EB9CA5}.Shipping|Win32.ActiveCfg = BuiltWithUnrealBuildTool|Win32
		{B055AA77-FAD1-4995-8018-9D72A9EB9CA5}.Shipping|Win64.ActiveCfg = BuiltWithUnrealBuildTool|Win32
		{3FA5E1B8-1DF4-4DE0-9F19-A2E0F2546697}.DebugGame Editor|HTML5.ActiveCfg = Invalid|Win32
		{3FA5E1B8-1DF4-4DE0-9F19-A2E0F2546697}.DebugGame Editor|Win32.ActiveCfg = Invalid|Win32
		{3FA5E1B8-1DF4-4DE0-9F19-A2E0F2546697}.DebugGame Editor|Win64.ActiveCfg = DebugGame_Editor|x64
		{3FA5E1B8-1DF4-4DE0-9F19-A2E0F2546697}.DebugGame Editor|Win64.Build.0 = DebugGame_Editor|x64
		{3FA5E1B8-1DF4-4DE0-9F19-A2E0F2546697}.DebugGame|HTML5.ActiveCfg = HTML5_DebugGame|Win32
		{3FA5E1B8-1DF4-4DE0-9F19-A2E0F2546697}.DebugGame|HTML5.Build.0 = HTML5_DebugGame|Win32
		{3FA5E1B8-1DF4-4DE0-9F19-A2E0F2546697}.DebugGame|Win32.ActiveCfg = DebugGame|Win32
		{3FA5E1B8-1DF4-4DE0-9F19-A2E0F2546697}.DebugGame|Win32.Build.0 = DebugGame|Win32
		{3FA5E1B8-1DF4-4DE0-9F19-A2E0F2546697}.DebugGame|Win64.ActiveCfg = DebugGame|x64
		{3FA5E1B8-1DF4-4DE0-9F19-A2E0F2546697}.DebugGame|Win64.Build.0 = DebugGame|x64
		{3FA5E1B8-1DF4-4DE0-9F19-A2E0F2546697}.Development Editor|HTML5.ActiveCfg = Invalid|Win32
		{3FA5E1B8-1DF4-4DE0-9F19-A2E0F2546697}.Development Editor|Win32.ActiveCfg = Invalid|Win32
		{3FA5E1B8-1DF4-4DE0-9F19-A2E0F2546697}.Development Editor|Win64.ActiveCfg = Development_Editor|x64
		{3FA5E1B8-1DF4-4DE0-9F19-A2E0F2546697}.Development Editor|Win64.Build.0 = Development_Editor|x64
		{3FA5E1B8-1DF4-4DE0-9F19-A2E0F2546697}.Development|HTML5.ActiveCfg = HTML5_Development|Win32
		{3FA5E1B8-1DF4-4DE0-9F19-A2E0F2546697}.Development|HTML5.Build.0 = HTML5_Development|Win32
		{3FA5E1B8-1DF4-4DE0-9F19-A2E0F2546697}.Development|Win32.ActiveCfg = Development|Win32
		{3FA5E1B8-1DF4-4DE0-9F19-A2E0F2546697}.Development|Win32.Build.0 = Development|Win32
		{3FA5E1B8-1DF4-4DE0-9F19-A2E0F2546697}.Development|Win64.ActiveCfg = Development|x64
		{3FA5E1B8-1DF4-4DE0-9F19-A2E0F2546697}.Development|Win64.Build.0 = Development|x64
		{3FA5E1B8-1DF4-4DE0-9F19-A2E0F2546697}.Shipping|HTML5.ActiveCfg = HTML5_Shipping|Win32
		{3FA5E1B8-1DF4-4DE0-9F19-A2E0F2546697}.Shipping|HTML5.Build.0 = HTML5_Shipping|Win32
		{3FA5E1B8-1DF4-4DE0-9F19-A2E0F2546697}.Shipping|Win32.ActiveCfg = Shipping|Win32
		{3FA5E1B8-1DF4-4DE0-9F19-A2E0F2546697}.Shipping|Win32.Build.0 = Shipping|Win32
		{3FA5E1B8-1DF4-4DE0-9F19-A2E0F2546697}.Shipping|Win64.ActiveCfg = Shipping|x64
		{3FA5E1B8-1DF4-4DE0-9F19-A2E0F2546697}.Shipping|Win64.Build.0 = Shipping|x64
	EndGlobalSection
	GlobalSection(SolutionProperties) = preSolution
		HideSolutionNode = FALSE
	EndGlobalSection
	GlobalSection(NestedProjects) = preSolution
		{6B1906DD-DC23-425F-B488-1430D8CA4DF8} = {52753C88-9BB9-41BB-A671-6B2C64B899BB}
		{B055AA77-FAD1-4995-8018-9D72A9EB9CA5} = {CEE1C591-7B5F-45AD-A3B8-1DC5D5046902}
		{3FA5E1B8-1DF4-4DE0-9F19-A2E0F2546697} = {637EC744-513E-4F86-8186-E1BCC0425D14}
	EndGlobalSection
EndGlobal
